
Microsoft Visual Studio Solution File, Format Version 12.00
# Visual Studio 14
VisualStudioVersion = 14.0.25420.1
MinimumVisualStudioVersion = 10.0.40219.1
Project("{FAE04EC0-301F-11D3-BF4B-00C04F79EFBC}") = "iMultiBoot", "iMultiBoot\iMultiBoot.csproj", "{B655AC5A-41B0-4B33-96CB-EA1C5EAADC7F}"
EndProject
Project("{6141683F-8A12-4E36-9623-2EB02B2C2303}") = "iMultiBoot_Installer", "iMultiBoot_Installer\iMultiBoot_Installer.isproj", "{9E3434DE-2C59-458D-8AB8-2E4BC5E52C82}"
EndProject
Global
	GlobalSection(SolutionConfigurationPlatforms) = preSolution
		CD_ROM|Any CPU = CD_ROM|Any CPU
		Debug|Any CPU = Debug|Any CPU
		DVD-5|Any CPU = DVD-5|Any CPU
		Release|Any CPU = Release|Any CPU
		SingleImage|Any CPU = SingleImage|Any CPU
	EndGlobalSection
	GlobalSection(ProjectConfigurationPlatforms) = postSolution
		{B655AC5A-41B0-4B33-96CB-EA1C5EAADC7F}.CD_ROM|Any CPU.ActiveCfg = Release|Any CPU
		{B655AC5A-41B0-4B33-96CB-EA1C5EAADC7F}.CD_ROM|Any CPU.Build.0 = Release|Any CPU
		{B655AC5A-41B0-4B33-96CB-EA1C5EAADC7F}.Debug|Any CPU.ActiveCfg = Debug|Any CPU
		{B655AC5A-41B0-4B33-96CB-EA1C5EAADC7F}.Debug|Any CPU.Build.0 = Debug|Any CPU
		{B655AC5A-41B0-4B33-96CB-EA1C5EAADC7F}.DVD-5|Any CPU.ActiveCfg = Debug|Any CPU
		{B655AC5A-41B0-4B33-96CB-EA1C5EAADC7F}.DVD-5|Any CPU.Build.0 = Debug|Any CPU
		{B655AC5A-41B0-4B33-96CB-EA1C5EAADC7F}.Release|Any CPU.ActiveCfg = Release|Any CPU
		{B655AC5A-41B0-4B33-96CB-EA1C5EAADC7F}.Release|Any CPU.Build.0 = Release|Any CPU
		{B655AC5A-41B0-4B33-96CB-EA1C5EAADC7F}.SingleImage|Any CPU.ActiveCfg = Release|Any CPU
		{B655AC5A-41B0-4B33-96CB-EA1C5EAADC7F}.SingleImage|Any CPU.Build.0 = Release|Any CPU
		{9E3434DE-2C59-458D-8AB8-2E4BC5E52C82}.CD_ROM|Any CPU.ActiveCfg = CD_ROM
		{9E3434DE-2C59-458D-8AB8-2E4BC5E52C82}.CD_ROM|Any CPU.Build.0 = CD_ROM
		{9E3434DE-2C59-458D-8AB8-2E4BC5E52C82}.Debug|Any CPU.ActiveCfg = DVD-5
		{9E3434DE-2C59-458D-8AB8-2E4BC5E52C82}.Debug|Any CPU.Build.0 = DVD-5
		{9E3434DE-2C59-458D-8AB8-2E4BC5E52C82}.DVD-5|Any CPU.ActiveCfg = DVD-5
		{9E3434DE-2C59-458D-8AB8-2E4BC5E52C82}.DVD-5|Any CPU.Build.0 = DVD-5
		{9E3434DE-2C59-458D-8AB8-2E4BC5E52C82}.Release|Any CPU.ActiveCfg = SingleImage
		{9E3434DE-2C59-458D-8AB8-2E4BC5E52C82}.Release|Any CPU.Build.0 = SingleImage
		{9E3434DE-2C59-458D-8AB8-2E4BC5E52C82}.SingleImage|Any CPU.ActiveCfg = SingleImage
		{9E3434DE-2C59-458D-8AB8-2E4BC5E52C82}.SingleImage|Any CPU.Build.0 = SingleImage
	EndGlobalSection
	GlobalSection(SolutionProperties) = preSolution
		HideSolutionNode = FALSE
	EndGlobalSection
EndGlobal
